
Microsoft Visual Studio Solution File, Format Version 12.00
# Visual Studio Version 17
VisualStudioVersion = 17.5.33627.172
MinimumVisualStudioVersion = 10.0.40219.1
Project("{FAE04EC0-301F-11D3-BF4B-00C04F79EFBC}") = "SunkenLand-AutoFarm", "SunkenLand-AutoFarm\SunkenLand-AutoFarm.csproj", "{D91C089D-1046-489A-9459-17379BF83947}"
EndProject
Global
	GlobalSection(SolutionConfigurationPlatforms) = preSolution
		Debug|Any CPU = Debug|Any CPU
		Release|Any CPU = Release|Any CPU
	EndGlobalSection
	GlobalSection(ProjectConfigurationPlatforms) = postSolution
		{D91C089D-1046-489A-9459-17379BF83947}.Debug|Any CPU.ActiveCfg = Debug|Any CPU
		{D91C089D-1046-489A-9459-17379BF83947}.Debug|Any CPU.Build.0 = Debug|Any CPU
		{D91C089D-1046-489A-9459-17379BF83947}.Release|Any CPU.ActiveCfg = Release|Any CPU
		{D91C089D-1046-489A-9459-17379BF83947}.Release|Any CPU.Build.0 = Release|Any CPU
	EndGlobalSection
	GlobalSection(SolutionProperties) = preSolution
		HideSolutionNode = FALSE
	EndGlobalSection
	GlobalSection(ExtensibilityGlobals) = postSolution
		SolutionGuid = {E98CC689-92A1-49C5-81F5-10C2AD75B8E2}
	EndGlobalSection
EndGlobal
